
Microsoft Visual Studio Solution File, Format Version 12.00
# Visual Studio Version 16
VisualStudioVersion = 16.0.30907.101
MinimumVisualStudioVersion = 10.0.40219.1
Project("{FAE04EC0-301F-11D3-BF4B-00C04F79EFBC}") = "Strings", "Strings.csproj", "{27DBD6A7-7744-400C-A11F-E39398FED418}"
EndProject
Global
	GlobalSection(SolutionConfigurationPlatforms) = preSolution
		Debug|Any CPU = Debug|Any CPU
		Release|Any CPU = Release|Any CPU
	EndGlobalSection
	GlobalSection(ProjectConfigurationPlatforms) = postSolution
		{27DBD6A7-7744-400C-A11F-E39398FED418}.Debug|Any CPU.ActiveCfg = Debug|Any CPU
		{27DBD6A7-7744-400C-A11F-E39398FED418}.Debug|Any CPU.Build.0 = Debug|Any CPU
		{27DBD6A7-7744-400C-A11F-E39398FED418}.Release|Any CPU.ActiveCfg = Release|Any CPU
		{27DBD6A7-7744-400C-A11F-E39398FED418}.Release|Any CPU.Build.0 = Release|Any CPU
	EndGlobalSection
	GlobalSection(SolutionProperties) = preSolution
		HideSolutionNode = FALSE
	EndGlobalSection
	GlobalSection(ExtensibilityGlobals) = postSolution
		SolutionGuid = {3AB0388D-298E-4064-BBD3-36301893D9EC}
	EndGlobalSection
EndGlobal
